// !$*UTF8*$!
{
	archiveVersion = 1;
	classes = {
	};
	objectVersion = 46;
	objects = {

/* Begin PBXBuildFile section */
		E9347F031BCF9B2F0075E7FA /* main.m in Sources */ = {isa = PBXBuildFile; fileRef = E9347F021BCF9B2F0075E7FA /* main.m */; };
		E9347F061BCF9B2F0075E7FA /* AppDelegate.m in Sources */ = {isa = PBXBuildFile; fileRef = E9347F051BCF9B2F0075E7FA /* AppDelegate.m */; };
		E9347F091BCF9B2F0075E7FA /* SpectrogramViewController.m in Sources */ = {isa = PBXBuildFile; fileRef = E9347F081BCF9B2F0075E7FA /* SpectrogramViewController.m */; };
		E9347F0C1BCF9B2F0075E7FA /* Main.storyboard in Resources */ = {isa = PBXBuildFile; fileRef = E9347F0A1BCF9B2F0075E7FA /* Main.storyboard */; };
		E9347F0E1BCF9B2F0075E7FA /* Assets.xcassets in Resources */ = {isa = PBXBuildFile; fileRef = E9347F0D1BCF9B2F0075E7FA /* Assets.xcassets */; };
		E9347F111BCF9B2F0075E7FA /* LaunchScreen.storyboard in Resources */ = {isa = PBXBuildFile; fileRef = E9347F0F1BCF9B2F0075E7FA /* LaunchScreen.storyboard */; };
		E9347F1C1BCF9B2F0075E7FA /* EZAudioExamplesSpectrogramExampleTests.m in Sources */ = {isa = PBXBuildFile; fileRef = E9347F1B1BCF9B2F0075E7FA /* EZAudioExamplesSpectrogramExampleTests.m */; };
		E9347F271BCF9B2F0075E7FA /* EZAudioExamplesSpectrogramExampleUITests.m in Sources */ = {isa = PBXBuildFile; fileRef = E9347F261BCF9B2F0075E7FA /* EZAudioExamplesSpectrogramExampleUITests.m */; };
		E9347F5A1BCF9B3F0075E7FA /* EZAudio.m in Sources */ = {isa = PBXBuildFile; fileRef = E9347F361BCF9B3F0075E7FA /* EZAudio.m */; settings = {ASSET_TAGS = (); }; };
		E9347F5B1BCF9B3F0075E7FA /* EZAudioDevice.m in Sources */ = {isa = PBXBuildFile; fileRef = E9347F381BCF9B3F0075E7FA /* EZAudioDevice.m */; settings = {ASSET_TAGS = (); }; };
		E9347F5C1BCF9B3F0075E7FA /* EZAudioDisplayLink.m in Sources */ = {isa = PBXBuildFile; fileRef = E9347F3A1BCF9B3F0075E7FA /* EZAudioDisplayLink.m */; settings = {ASSET_TAGS = (); }; };
		E9347F5D1BCF9B3F0075E7FA /* EZAudioFFT.m in Sources */ = {isa = PBXBuildFile; fileRef = E9347F3C1BCF9B3F0075E7FA /* EZAudioFFT.m */; settings = {ASSET_TAGS = (); }; };
		E9347F5E1BCF9B3F0075E7FA /* EZAudioFile.m in Sources */ = {isa = PBXBuildFile; fileRef = E9347F3E1BCF9B3F0075E7FA /* EZAudioFile.m */; settings = {ASSET_TAGS = (); }; };
		E9347F5F1BCF9B3F0075E7FA /* EZAudioFloatConverter.m in Sources */ = {isa = PBXBuildFile; fileRef = E9347F401BCF9B3F0075E7FA /* EZAudioFloatConverter.m */; settings = {ASSET_TAGS = (); }; };
		E9347F601BCF9B3F0075E7FA /* EZAudioFloatData.m in Sources */ = {isa = PBXBuildFile; fileRef = E9347F421BCF9B3F0075E7FA /* EZAudioFloatData.m */; settings = {ASSET_TAGS = (); }; };
		E9347F611BCF9B3F0075E7FA /* EZAudioPlayer.m in Sources */ = {isa = PBXBuildFile; fileRef = E9347F441BCF9B3F0075E7FA /* EZAudioPlayer.m */; settings = {ASSET_TAGS = (); }; };
		E9347F621BCF9B3F0075E7FA /* EZAudioPlot.m in Sources */ = {isa = PBXBuildFile; fileRef = E9347F461BCF9B3F0075E7FA /* EZAudioPlot.m */; settings = {ASSET_TAGS = (); }; };
		E9347F631BCF9B3F0075E7FA /* EZAudioPlotGL.m in Sources */ = {isa = PBXBuildFile; fileRef = E9347F481BCF9B3F0075E7FA /* EZAudioPlotGL.m */; settings = {ASSET_TAGS = (); }; };
		E9347F641BCF9B3F0075E7FA /* EZAudioSpectralPlot.m in Sources */ = {isa = PBXBuildFile; fileRef = E9347F4A1BCF9B3F0075E7FA /* EZAudioSpectralPlot.m */; settings = {ASSET_TAGS = (); }; };
		E9347F651BCF9B3F0075E7FA /* EZAudioUtilities.m in Sources */ = {isa = PBXBuildFile; fileRef = E9347F4C1BCF9B3F0075E7FA /* EZAudioUtilities.m */; settings = {ASSET_TAGS = (); }; };
		E9347F661BCF9B3F0075E7FA /* EZMicrophone.m in Sources */ = {isa = PBXBuildFile; fileRef = E9347F4E1BCF9B3F0075E7FA /* EZMicrophone.m */; settings = {ASSET_TAGS = (); }; };
		E9347F671BCF9B3F0075E7FA /* EZOutput.m in Sources */ = {isa = PBXBuildFile; fileRef = E9347F501BCF9B3F0075E7FA /* EZOutput.m */; settings = {ASSET_TAGS = (); }; };
		E9347F681BCF9B3F0075E7FA /* EZPlot.m in Sources */ = {isa = PBXBuildFile; fileRef = E9347F521BCF9B3F0075E7FA /* EZPlot.m */; settings = {ASSET_TAGS = (); }; };
		E9347F691BCF9B3F0075E7FA /* EZRecorder.m in Sources */ = {isa = PBXBuildFile; fileRef = E9347F541BCF9B3F0075E7FA /* EZRecorder.m */; settings = {ASSET_TAGS = (); }; };
		E9347F6A1BCF9B3F0075E7FA /* TPCircularBuffer.c in Sources */ = {isa = PBXBuildFile; fileRef = E9347F551BCF9B3F0075E7FA /* TPCircularBuffer.c */; settings = {ASSET_TAGS = (); }; };
		E9347F6B1BCF9B3F0075E7FA /* CHANGELOG in Resources */ = {isa = PBXBuildFile; fileRef = E9347F581BCF9B3F0075E7FA /* CHANGELOG */; settings = {ASSET_TAGS = (); }; };
		E9347F6C1BCF9B3F0075E7FA /* VERSION in Resources */ = {isa = PBXBuildFile; fileRef = E9347F591BCF9B3F0075E7FA /* VERSION */; settings = {ASSET_TAGS = (); }; };
		E9347F6E1BCFA8590075E7FA /* test.bmp in Resources */ = {isa = PBXBuildFile; fileRef = E9347F6D1BCFA8590075E7FA /* test.bmp */; settings = {ASSET_TAGS = (); }; };
		E96A3B811BD0AC5000592C31 /* test.jpg in Resources */ = {isa = PBXBuildFile; fileRef = E96A3B801BD0AC5000592C31 /* test.jpg */; settings = {ASSET_TAGS = (); }; };
		E96A3BC91BD46F5200592C31 /* EZAudioSTFT.m in Sources */ = {isa = PBXBuildFile; fileRef = E96A3BC81BD46F5200592C31 /* EZAudioSTFT.m */; settings = {ASSET_TAGS = (); }; };
/* End PBXBuildFile section */

/* Begin PBXContainerItemProxy section */
		E9347F181BCF9B2F0075E7FA /* PBXContainerItemProxy */ = {
			isa = PBXContainerItemProxy;
			containerPortal = E9347EF61BCF9B2F0075E7FA /* Project object */;
			proxyType = 1;
			remoteGlobalIDString = E9347EFD1BCF9B2F0075E7FA;
			remoteInfo = EZAudioExamplesSpectrogramExample;
		};
		E9347F231BCF9B2F0075E7FA /* PBXContainerItemProxy */ = {
			isa = PBXContainerItemProxy;
			containerPortal = E9347EF61BCF9B2F0075E7FA /* Project object */;
			proxyType = 1;
			remoteGlobalIDString = E9347EFD1BCF9B2F0075E7FA;
			remoteInfo = EZAudioExamplesSpectrogramExample;
		};
/* End PBXContainerItemProxy section */

/* Begin PBXFileReference section */
		E9347EFE1BCF9B2F0075E7FA /* EZAudioExamplesSpectrogramExample.app */ = {isa = PBXFileReference; explicitFileType = wrapper.application; includeInIndex = 0; path = EZAudioExamplesSpectrogramExample.app; sourceTree = BUILT_PRODUCTS_DIR; };
		E9347F021BCF9B2F0075E7FA /* main.m */ = {isa = PBXFileReference; lastKnownFileType = sourcecode.c.objc; path = main.m; sourceTree = "<group>"; };
		E9347F041BCF9B2F0075E7FA /* AppDelegate.h */ = {isa = PBXFileReference; lastKnownFileType = sourcecode.c.h; path = AppDelegate.h; sourceTree = "<group>"; };
		E9347F051BCF9B2F0075E7FA /* AppDelegate.m */ = {isa = PBXFileReference; lastKnownFileType = sourcecode.c.objc; path = AppDelegate.m; sourceTree = "<group>"; };
		E9347F071BCF9B2F0075E7FA /* SpectrogramViewController.h */ = {isa = PBXFileReference; lastKnownFileType = sourcecode.c.h; path = SpectrogramViewController.h; sourceTree = "<group>"; };
		E9347F081BCF9B2F0075E7FA /* SpectrogramViewController.m */ = {isa = PBXFileReference; lastKnownFileType = sourcecode.c.objc; path = SpectrogramViewController.m; sourceTree = "<group>"; };
		E9347F0B1BCF9B2F0075E7FA /* Base */ = {isa = PBXFileReference; lastKnownFileType = file.storyboard; name = Base; path = Base.lproj/Main.storyboard; sourceTree = "<group>"; };
		E9347F0D1BCF9B2F0075E7FA /* Assets.xcassets */ = {isa = PBXFileReference; lastKnownFileType = folder.assetcatalog; path = Assets.xcassets; sourceTree = "<group>"; };
		E9347F101BCF9B2F0075E7FA /* Base */ = {isa = PBXFileReference; lastKnownFileType = file.storyboard; name = Base; path = Base.lproj/LaunchScreen.storyboard; sourceTree = "<group>"; };
		E9347F121BCF9B2F0075E7FA /* Info.plist */ = {isa = PBXFileReference; lastKnownFileType = text.plist.xml; path = Info.plist; sourceTree = "<group>"; };
		E9347F171BCF9B2F0075E7FA /* EZAudioExamplesSpectrogramExampleTests.xctest */ = {isa = PBXFileReference; explicitFileType = wrapper.cfbundle; includeInIndex = 0; path = EZAudioExamplesSpectrogramExampleTests.xctest; sourceTree = BUILT_PRODUCTS_DIR; };
		E9347F1B1BCF9B2F0075E7FA /* EZAudioExamplesSpectrogramExampleTests.m */ = {isa = PBXFileReference; lastKnownFileType = sourcecode.c.objc; path = EZAudioExamplesSpectrogramExampleTests.m; sourceTree = "<group>"; };
		E9347F1D1BCF9B2F0075E7FA /* Info.plist */ = {isa = PBXFileReference; lastKnownFileType = text.plist.xml; path = Info.plist; sourceTree = "<group>"; };
		E9347F221BCF9B2F0075E7FA /* EZAudioExamplesSpectrogramExampleUITests.xctest */ = {isa = PBXFileReference; explicitFileType = wrapper.cfbundle; includeInIndex = 0; path = EZAudioExamplesSpectrogramExampleUITests.xctest; sourceTree = BUILT_PRODUCTS_DIR; };
		E9347F261BCF9B2F0075E7FA /* EZAudioExamplesSpectrogramExampleUITests.m */ = {isa = PBXFileReference; lastKnownFileType = sourcecode.c.objc; path = EZAudioExamplesSpectrogramExampleUITests.m; sourceTree = "<group>"; };
		E9347F281BCF9B2F0075E7FA /* Info.plist */ = {isa = PBXFileReference; lastKnownFileType = text.plist.xml; path = Info.plist; sourceTree = "<group>"; };
		E9347F351BCF9B3F0075E7FA /* EZAudio.h */ = {isa = PBXFileReference; fileEncoding = 4; lastKnownFileType = sourcecode.c.h; path = EZAudio.h; sourceTree = "<group>"; };
		E9347F361BCF9B3F0075E7FA /* EZAudio.m */ = {isa = PBXFileReference; fileEncoding = 4; lastKnownFileType = sourcecode.c.objc; path = EZAudio.m; sourceTree = "<group>"; };
		E9347F371BCF9B3F0075E7FA /* EZAudioDevice.h */ = {isa = PBXFileReference; fileEncoding = 4; lastKnownFileType = sourcecode.c.h; path = EZAudioDevice.h; sourceTree = "<group>"; };
		E9347F381BCF9B3F0075E7FA /* EZAudioDevice.m */ = {isa = PBXFileReference; fileEncoding = 4; lastKnownFileType = sourcecode.c.objc; path = EZAudioDevice.m; sourceTree = "<group>"; };
		E9347F391BCF9B3F0075E7FA /* EZAudioDisplayLink.h */ = {isa = PBXFileReference; fileEncoding = 4; lastKnownFileType = sourcecode.c.h; path = EZAudioDisplayLink.h; sourceTree = "<group>"; };
		E9347F3A1BCF9B3F0075E7FA /* EZAudioDisplayLink.m */ = {isa = PBXFileReference; fileEncoding = 4; lastKnownFileType = sourcecode.c.objc; path = EZAudioDisplayLink.m; sourceTree = "<group>"; };
		E9347F3B1BCF9B3F0075E7FA /* EZAudioFFT.h */ = {isa = PBXFileReference; fileEncoding = 4; lastKnownFileType = sourcecode.c.h; path = EZAudioFFT.h; sourceTree = "<group>"; };
		E9347F3C1BCF9B3F0075E7FA /* EZAudioFFT.m */ = {isa = PBXFileReference; fileEncoding = 4; lastKnownFileType = sourcecode.c.objc; path = EZAudioFFT.m; sourceTree = "<group>"; };
		E9347F3D1BCF9B3F0075E7FA /* EZAudioFile.h */ = {isa = PBXFileReference; fileEncoding = 4; lastKnownFileType = sourcecode.c.h; path = EZAudioFile.h; sourceTree = "<group>"; };
		E9347F3E1BCF9B3F0075E7FA /* EZAudioFile.m */ = {isa = PBXFileReference; fileEncoding = 4; lastKnownFileType = sourcecode.c.objc; path = EZAudioFile.m; sourceTree = "<group>"; };
		E9347F3F1BCF9B3F0075E7FA /* EZAudioFloatConverter.h */ = {isa = PBXFileReference; fileEncoding = 4; lastKnownFileType = sourcecode.c.h; path = EZAudioFloatConverter.h; sourceTree = "<group>"; };
		E9347F401BCF9B3F0075E7FA /* EZAudioFloatConverter.m */ = {isa = PBXFileReference; fileEncoding = 4; lastKnownFileType = sourcecode.c.objc; path = EZAudioFloatConverter.m; sourceTree = "<group>"; };
		E9347F411BCF9B3F0075E7FA /* EZAudioFloatData.h */ = {isa = PBXFileReference; fileEncoding = 4; lastKnownFileType = sourcecode.c.h; path = EZAudioFloatData.h; sourceTree = "<group>"; };
		E9347F421BCF9B3F0075E7FA /* EZAudioFloatData.m */ = {isa = PBXFileReference; fileEncoding = 4; lastKnownFileType = sourcecode.c.objc; path = EZAudioFloatData.m; sourceTree = "<group>"; };
		E9347F431BCF9B3F0075E7FA /* EZAudioPlayer.h */ = {isa = PBXFileReference; fileEncoding = 4; lastKnownFileType = sourcecode.c.h; path = EZAudioPlayer.h; sourceTree = "<group>"; };
		E9347F441BCF9B3F0075E7FA /* EZAudioPlayer.m */ = {isa = PBXFileReference; fileEncoding = 4; lastKnownFileType = sourcecode.c.objc; path = EZAudioPlayer.m; sourceTree = "<group>"; };
		E9347F451BCF9B3F0075E7FA /* EZAudioPlot.h */ = {isa = PBXFileReference; fileEncoding = 4; lastKnownFileType = sourcecode.c.h; path = EZAudioPlot.h; sourceTree = "<group>"; };
		E9347F461BCF9B3F0075E7FA /* EZAudioPlot.m */ = {isa = PBXFileReference; fileEncoding = 4; lastKnownFileType = sourcecode.c.objc; path = EZAudioPlot.m; sourceTree = "<group>"; };
		E9347F471BCF9B3F0075E7FA /* EZAudioPlotGL.h */ = {isa = PBXFileReference; fileEncoding = 4; lastKnownFileType = sourcecode.c.h; path = EZAudioPlotGL.h; sourceTree = "<group>"; };
		E9347F481BCF9B3F0075E7FA /* EZAudioPlotGL.m */ = {isa = PBXFileReference; fileEncoding = 4; lastKnownFileType = sourcecode.c.objc; path = EZAudioPlotGL.m; sourceTree = "<group>"; };
		E9347F491BCF9B3F0075E7FA /* EZAudioSpectralPlot.h */ = {isa = PBXFileReference; fileEncoding = 4; lastKnownFileType = sourcecode.c.h; path = EZAudioSpectralPlot.h; sourceTree = "<group>"; };
		E9347F4A1BCF9B3F0075E7FA /* EZAudioSpectralPlot.m */ = {isa = PBXFileReference; fileEncoding = 4; lastKnownFileType = sourcecode.c.objc; path = EZAudioSpectralPlot.m; sourceTree = "<group>"; };
		E9347F4B1BCF9B3F0075E7FA /* EZAudioUtilities.h */ = {isa = PBXFileReference; fileEncoding = 4; lastKnownFileType = sourcecode.c.h; path = EZAudioUtilities.h; sourceTree = "<group>"; };
		E9347F4C1BCF9B3F0075E7FA /* EZAudioUtilities.m */ = {isa = PBXFileReference; fileEncoding = 4; lastKnownFileType = sourcecode.c.objc; path = EZAudioUtilities.m; sourceTree = "<group>"; };
		E9347F4D1BCF9B3F0075E7FA /* EZMicrophone.h */ = {isa = PBXFileReference; fileEncoding = 4; lastKnownFileType = sourcecode.c.h; path = EZMicrophone.h; sourceTree = "<group>"; };
		E9347F4E1BCF9B3F0075E7FA /* EZMicrophone.m */ = {isa = PBXFileReference; fileEncoding = 4; lastKnownFileType = sourcecode.c.objc; path = EZMicrophone.m; sourceTree = "<group>"; };
		E9347F4F1BCF9B3F0075E7FA /* EZOutput.h */ = {isa = PBXFileReference; fileEncoding = 4; lastKnownFileType = sourcecode.c.h; path = EZOutput.h; sourceTree = "<group>"; };
		E9347F501BCF9B3F0075E7FA /* EZOutput.m */ = {isa = PBXFileReference; fileEncoding = 4; lastKnownFileType = sourcecode.c.objc; path = EZOutput.m; sourceTree = "<group>"; };
		E9347F511BCF9B3F0075E7FA /* EZPlot.h */ = {isa = PBXFileReference; fileEncoding = 4; lastKnownFileType = sourcecode.c.h; path = EZPlot.h; sourceTree = "<group>"; };
		E9347F521BCF9B3F0075E7FA /* EZPlot.m */ = {isa = PBXFileReference; fileEncoding = 4; lastKnownFileType = sourcecode.c.objc; path = EZPlot.m; sourceTree = "<group>"; };
		E9347F531BCF9B3F0075E7FA /* EZRecorder.h */ = {isa = PBXFileReference; fileEncoding = 4; lastKnownFileType = sourcecode.c.h; path = EZRecorder.h; sourceTree = "<group>"; };
		E9347F541BCF9B3F0075E7FA /* EZRecorder.m */ = {isa = PBXFileReference; fileEncoding = 4; lastKnownFileType = sourcecode.c.objc; path = EZRecorder.m; sourceTree = "<group>"; };
		E9347F551BCF9B3F0075E7FA /* TPCircularBuffer.c */ = {isa = PBXFileReference; fileEncoding = 4; lastKnownFileType = sourcecode.c.c; path = TPCircularBuffer.c; sourceTree = "<group>"; };
		E9347F561BCF9B3F0075E7FA /* TPCircularBuffer.h */ = {isa = PBXFileReference; fileEncoding = 4; lastKnownFileType = sourcecode.c.h; path = TPCircularBuffer.h; sourceTree = "<group>"; };
		E9347F581BCF9B3F0075E7FA /* CHANGELOG */ = {isa = PBXFileReference; fileEncoding = 4; lastKnownFileType = text; path = CHANGELOG; sourceTree = "<group>"; };
		E9347F591BCF9B3F0075E7FA /* VERSION */ = {isa = PBXFileReference; fileEncoding = 4; lastKnownFileType = text; path = VERSION; sourceTree = "<group>"; };
		E9347F6D1BCFA8590075E7FA /* test.bmp */ = {isa = PBXFileReference; lastKnownFileType = image.bmp; path = test.bmp; sourceTree = "<group>"; };
		E96A3B801BD0AC5000592C31 /* test.jpg */ = {isa = PBXFileReference; lastKnownFileType = image.jpeg; path = test.jpg; sourceTree = "<group>"; };
		E96A3BC71BD46F5200592C31 /* EZAudioSTFT.h */ = {isa = PBXFileReference; fileEncoding = 4; lastKnownFileType = sourcecode.c.h; path = EZAudioSTFT.h; sourceTree = "<group>"; };
		E96A3BC81BD46F5200592C31 /* EZAudioSTFT.m */ = {isa = PBXFileReference; fileEncoding = 4; lastKnownFileType = sourcecode.c.objc; path = EZAudioSTFT.m; sourceTree = "<group>"; };
/* End PBXFileReference section */

/* Begin PBXFrameworksBuildPhase section */
		E9347EFB1BCF9B2F0075E7FA /* Frameworks */ = {
			isa = PBXFrameworksBuildPhase;
			buildActionMask = 2147483647;
			files = (
			);
			runOnlyForDeploymentPostprocessing = 0;
		};
		E9347F141BCF9B2F0075E7FA /* Frameworks */ = {
			isa = PBXFrameworksBuildPhase;
			buildActionMask = 2147483647;
			files = (
			);
			runOnlyForDeploymentPostprocessing = 0;
		};
		E9347F1F1BCF9B2F0075E7FA /* Frameworks */ = {
			isa = PBXFrameworksBuildPhase;
			buildActionMask = 2147483647;
			files = (
			);
			runOnlyForDeploymentPostprocessing = 0;
		};
/* End PBXFrameworksBuildPhase section */

/* Begin PBXGroup section */
		E9347EF51BCF9B2F0075E7FA = {
			isa = PBXGroup;
			children = (
				E9347F341BCF9B3F0075E7FA /* EZAudio */,
				E9347F001BCF9B2F0075E7FA /* EZAudioExamplesSpectrogramExample */,
				E9347F1A1BCF9B2F0075E7FA /* EZAudioExamplesSpectrogramExampleTests */,
				E9347F251BCF9B2F0075E7FA /* EZAudioExamplesSpectrogramExampleUITests */,
				E9347EFF1BCF9B2F0075E7FA /* Products */,
			);
			sourceTree = "<group>";
		};
		E9347EFF1BCF9B2F0075E7FA /* Products */ = {
			isa = PBXGroup;
			children = (
				E9347EFE1BCF9B2F0075E7FA /* EZAudioExamplesSpectrogramExample.app */,
				E9347F171BCF9B2F0075E7FA /* EZAudioExamplesSpectrogramExampleTests.xctest */,
				E9347F221BCF9B2F0075E7FA /* EZAudioExamplesSpectrogramExampleUITests.xctest */,
			);
			name = Products;
			sourceTree = "<group>";
		};
		E9347F001BCF9B2F0075E7FA /* EZAudioExamplesSpectrogramExample */ = {
			isa = PBXGroup;
			children = (
				E9347F041BCF9B2F0075E7FA /* AppDelegate.h */,
				E9347F051BCF9B2F0075E7FA /* AppDelegate.m */,
				E9347F071BCF9B2F0075E7FA /* SpectrogramViewController.h */,
				E9347F081BCF9B2F0075E7FA /* SpectrogramViewController.m */,
				E9347F0A1BCF9B2F0075E7FA /* Main.storyboard */,
				E9347F0D1BCF9B2F0075E7FA /* Assets.xcassets */,
				E9347F0F1BCF9B2F0075E7FA /* LaunchScreen.storyboard */,
				E9347F121BCF9B2F0075E7FA /* Info.plist */,
				E9347F011BCF9B2F0075E7FA /* Supporting Files */,
			);
			path = EZAudioExamplesSpectrogramExample;
			sourceTree = "<group>";
		};
		E9347F011BCF9B2F0075E7FA /* Supporting Files */ = {
			isa = PBXGroup;
			children = (
				E96A3B801BD0AC5000592C31 /* test.jpg */,
				E9347F6D1BCFA8590075E7FA /* test.bmp */,
				E9347F021BCF9B2F0075E7FA /* main.m */,
			);
			name = "Supporting Files";
			sourceTree = "<group>";
		};
		E9347F1A1BCF9B2F0075E7FA /* EZAudioExamplesSpectrogramExampleTests */ = {
			isa = PBXGroup;
			children = (
				E9347F1B1BCF9B2F0075E7FA /* EZAudioExamplesSpectrogramExampleTests.m */,
				E9347F1D1BCF9B2F0075E7FA /* Info.plist */,
			);
			path = EZAudioExamplesSpectrogramExampleTests;
			sourceTree = "<group>";
		};
		E9347F251BCF9B2F0075E7FA /* EZAudioExamplesSpectrogramExampleUITests */ = {
			isa = PBXGroup;
			children = (
				E9347F261BCF9B2F0075E7FA /* EZAudioExamplesSpectrogramExampleUITests.m */,
				E9347F281BCF9B2F0075E7FA /* Info.plist */,
			);
			path = EZAudioExamplesSpectrogramExampleUITests;
			sourceTree = "<group>";
		};
		E9347F341BCF9B3F0075E7FA /* EZAudio */ = {
			isa = PBXGroup;
			children = (
				E9347F351BCF9B3F0075E7FA /* EZAudio.h */,
				E9347F361BCF9B3F0075E7FA /* EZAudio.m */,
				E9347F371BCF9B3F0075E7FA /* EZAudioDevice.h */,
				E9347F381BCF9B3F0075E7FA /* EZAudioDevice.m */,
				E9347F391BCF9B3F0075E7FA /* EZAudioDisplayLink.h */,
				E9347F3A1BCF9B3F0075E7FA /* EZAudioDisplayLink.m */,
				E9347F3B1BCF9B3F0075E7FA /* EZAudioFFT.h */,
				E9347F3C1BCF9B3F0075E7FA /* EZAudioFFT.m */,
				E96A3BC71BD46F5200592C31 /* EZAudioSTFT.h */,
				E96A3BC81BD46F5200592C31 /* EZAudioSTFT.m */,
				E9347F3D1BCF9B3F0075E7FA /* EZAudioFile.h */,
				E9347F3E1BCF9B3F0075E7FA /* EZAudioFile.m */,
				E9347F3F1BCF9B3F0075E7FA /* EZAudioFloatConverter.h */,
				E9347F401BCF9B3F0075E7FA /* EZAudioFloatConverter.m */,
				E9347F411BCF9B3F0075E7FA /* EZAudioFloatData.h */,
				E9347F421BCF9B3F0075E7FA /* EZAudioFloatData.m */,
				E9347F431BCF9B3F0075E7FA /* EZAudioPlayer.h */,
				E9347F441BCF9B3F0075E7FA /* EZAudioPlayer.m */,
				E9347F451BCF9B3F0075E7FA /* EZAudioPlot.h */,
				E9347F461BCF9B3F0075E7FA /* EZAudioPlot.m */,
				E9347F471BCF9B3F0075E7FA /* EZAudioPlotGL.h */,
				E9347F481BCF9B3F0075E7FA /* EZAudioPlotGL.m */,
				E9347F491BCF9B3F0075E7FA /* EZAudioSpectralPlot.h */,
				E9347F4A1BCF9B3F0075E7FA /* EZAudioSpectralPlot.m */,
				E9347F4B1BCF9B3F0075E7FA /* EZAudioUtilities.h */,
				E9347F4C1BCF9B3F0075E7FA /* EZAudioUtilities.m */,
				E9347F4D1BCF9B3F0075E7FA /* EZMicrophone.h */,
				E9347F4E1BCF9B3F0075E7FA /* EZMicrophone.m */,
				E9347F4F1BCF9B3F0075E7FA /* EZOutput.h */,
				E9347F501BCF9B3F0075E7FA /* EZOutput.m */,
				E9347F511BCF9B3F0075E7FA /* EZPlot.h */,
				E9347F521BCF9B3F0075E7FA /* EZPlot.m */,
				E9347F531BCF9B3F0075E7FA /* EZRecorder.h */,
				E9347F541BCF9B3F0075E7FA /* EZRecorder.m */,
				E9347F551BCF9B3F0075E7FA /* TPCircularBuffer.c */,
				E9347F561BCF9B3F0075E7FA /* TPCircularBuffer.h */,
				E9347F571BCF9B3F0075E7FA /* VERSION */,
			);
			name = EZAudio;
			path = ../../../EZAudio;
			sourceTree = "<group>";
		};
		E9347F571BCF9B3F0075E7FA /* VERSION */ = {
			isa = PBXGroup;
			children = (
				E9347F581BCF9B3F0075E7FA /* CHANGELOG */,
				E9347F591BCF9B3F0075E7FA /* VERSION */,
			);
			path = VERSION;
			sourceTree = "<group>";
		};
/* End PBXGroup section */

/* Begin PBXNativeTarget section */
		E9347EFD1BCF9B2F0075E7FA /* EZAudioExamplesSpectrogramExample */ = {
			isa = PBXNativeTarget;
			buildConfigurationList = E9347F2B1BCF9B2F0075E7FA /* Build configuration list for PBXNativeTarget "EZAudioExamplesSpectrogramExample" */;
			buildPhases = (
				E9347EFA1BCF9B2F0075E7FA /* Sources */,
				E9347EFB1BCF9B2F0075E7FA /* Frameworks */,
				E9347EFC1BCF9B2F0075E7FA /* Resources */,
			);
			buildRules = (
			);
			dependencies = (
			);
			name = EZAudioExamplesSpectrogramExample;
			productName = EZAudioExamplesSpectrogramExample;
			productReference = E9347EFE1BCF9B2F0075E7FA /* EZAudioExamplesSpectrogramExample.app */;
			productType = "com.apple.product-type.application";
		};
		E9347F161BCF9B2F0075E7FA /* EZAudioExamplesSpectrogramExampleTests */ = {
			isa = PBXNativeTarget;
			buildConfigurationList = E9347F2E1BCF9B2F0075E7FA /* Build configuration list for PBXNativeTarget "EZAudioExamplesSpectrogramExampleTests" */;
			buildPhases = (
				E9347F131BCF9B2F0075E7FA /* Sources */,
				E9347F141BCF9B2F0075E7FA /* Frameworks */,
				E9347F151BCF9B2F0075E7FA /* Resources */,
			);
			buildRules = (
			);
			dependencies = (
				E9347F191BCF9B2F0075E7FA /* PBXTargetDependency */,
			);
			name = EZAudioExamplesSpectrogramExampleTests;
			productName = EZAudioExamplesSpectrogramExampleTests;
			productReference = E9347F171BCF9B2F0075E7FA /* EZAudioExamplesSpectrogramExampleTests.xctest */;
			productType = "com.apple.product-type.bundle.unit-test";
		};
		E9347F211BCF9B2F0075E7FA /* EZAudioExamplesSpectrogramExampleUITests */ = {
			isa = PBXNativeTarget;
			buildConfigurationList = E9347F311BCF9B2F0075E7FA /* Build configuration list for PBXNativeTarget "EZAudioExamplesSpectrogramExampleUITests" */;
			buildPhases = (
				E9347F1E1BCF9B2F0075E7FA /* Sources */,
				E9347F1F1BCF9B2F0075E7FA /* Frameworks */,
				E9347F201BCF9B2F0075E7FA /* Resources */,
			);
			buildRules = (
			);
			dependencies = (
				E9347F241BCF9B2F0075E7FA /* PBXTargetDependency */,
			);
			name = EZAudioExamplesSpectrogramExampleUITests;
			productName = EZAudioExamplesSpectrogramExampleUITests;
			productReference = E9347F221BCF9B2F0075E7FA /* EZAudioExamplesSpectrogramExampleUITests.xctest */;
			productType = "com.apple.product-type.bundle.ui-testing";
		};
/* End PBXNativeTarget section */

/* Begin PBXProject section */
		E9347EF61BCF9B2F0075E7FA /* Project object */ = {
			isa = PBXProject;
			attributes = {
				LastUpgradeCheck = 0700;
				ORGANIZATIONNAME = Sadcup;
				TargetAttributes = {
					E9347EFD1BCF9B2F0075E7FA = {
						CreatedOnToolsVersion = 7.0;
					};
					E9347F161BCF9B2F0075E7FA = {
						CreatedOnToolsVersion = 7.0;
						TestTargetID = E9347EFD1BCF9B2F0075E7FA;
					};
					E9347F211BCF9B2F0075E7FA = {
						CreatedOnToolsVersion = 7.0;
						TestTargetID = E9347EFD1BCF9B2F0075E7FA;
					};
				};
			};
			buildConfigurationList = E9347EF91BCF9B2F0075E7FA /* Build configuration list for PBXProject "EZAudioExamplesSpectrogramExample" */;
			compatibilityVersion = "Xcode 3.2";
			developmentRegion = English;
			hasScannedForEncodings = 0;
			knownRegions = (
				en,
				Base,
			);
			mainGroup = E9347EF51BCF9B2F0075E7FA;
			productRefGroup = E9347EFF1BCF9B2F0075E7FA /* Products */;
			projectDirPath = "";
			projectRoot = "";
			targets = (
				E9347EFD1BCF9B2F0075E7FA /* EZAudioExamplesSpectrogramExample */,
				E9347F161BCF9B2F0075E7FA /* EZAudioExamplesSpectrogramExampleTests */,
				E9347F211BCF9B2F0075E7FA /* EZAudioExamplesSpectrogramExampleUITests */,
			);
		};
/* End PBXProject section */

/* Begin PBXResourcesBuildPhase section */
		E9347EFC1BCF9B2F0075E7FA /* Resources */ = {
			isa = PBXResourcesBuildPhase;
			buildActionMask = 2147483647;
			files = (
				E9347F111BCF9B2F0075E7FA /* LaunchScreen.storyboard in Resources */,
				E9347F6B1BCF9B3F0075E7FA /* CHANGELOG in Resources */,
				E96A3B811BD0AC5000592C31 /* test.jpg in Resources */,
				E9347F0E1BCF9B2F0075E7FA /* Assets.xcassets in Resources */,
				E9347F6E1BCFA8590075E7FA /* test.bmp in Resources */,
				E9347F0C1BCF9B2F0075E7FA /* Main.storyboard in Resources */,
				E9347F6C1BCF9B3F0075E7FA /* VERSION in Resources */,
			);
			runOnlyForDeploymentPostprocessing = 0;
		};
		E9347F151BCF9B2F0075E7FA /* Resources */ = {
			isa = PBXResourcesBuildPhase;
			buildActionMask = 2147483647;
			files = (
			);
			runOnlyForDeploymentPostprocessing = 0;
		};
		E9347F201BCF9B2F0075E7FA /* Resources */ = {
			isa = PBXResourcesBuildPhase;
			buildActionMask = 2147483647;
			files = (
			);
			runOnlyForDeploymentPostprocessing = 0;
		};
/* End PBXResourcesBuildPhase section */

/* Begin PBXSourcesBuildPhase section */
		E9347EFA1BCF9B2F0075E7FA /* Sources */ = {
			isa = PBXSourcesBuildPhase;
			buildActionMask = 2147483647;
			files = (
				E9347F621BCF9B3F0075E7FA /* EZAudioPlot.m in Sources */,
				E9347F611BCF9B3F0075E7FA /* EZAudioPlayer.m in Sources */,
				E9347F091BCF9B2F0075E7FA /* SpectrogramViewController.m in Sources */,
				E9347F631BCF9B3F0075E7FA /* EZAudioPlotGL.m in Sources */,
				E9347F5E1BCF9B3F0075E7FA /* EZAudioFile.m in Sources */,
				E9347F5A1BCF9B3F0075E7FA /* EZAudio.m in Sources */,
				E9347F671BCF9B3F0075E7FA /* EZOutput.m in Sources */,
				E9347F061BCF9B2F0075E7FA /* AppDelegate.m in Sources */,
				E9347F651BCF9B3F0075E7FA /* EZAudioUtilities.m in Sources */,
				E9347F681BCF9B3F0075E7FA /* EZPlot.m in Sources */,
				E9347F601BCF9B3F0075E7FA /* EZAudioFloatData.m in Sources */,
				E9347F691BCF9B3F0075E7FA /* EZRecorder.m in Sources */,
				E96A3BC91BD46F5200592C31 /* EZAudioSTFT.m in Sources */,
				E9347F5F1BCF9B3F0075E7FA /* EZAudioFloatConverter.m in Sources */,
				E9347F031BCF9B2F0075E7FA /* main.m in Sources */,
				E9347F5C1BCF9B3F0075E7FA /* EZAudioDisplayLink.m in Sources */,
				E9347F661BCF9B3F0075E7FA /* EZMicrophone.m in Sources */,
				E9347F5D1BCF9B3F0075E7FA /* EZAudioFFT.m in Sources */,
				E9347F641BCF9B3F0075E7FA /* EZAudioSpectralPlot.m in Sources */,
				E9347F6A1BCF9B3F0075E7FA /* TPCircularBuffer.c in Sources */,
				E9347F5B1BCF9B3F0075E7FA /* EZAudioDevice.m in Sources */,
			);
			runOnlyForDeploymentPostprocessing = 0;
		};
		E9347F131BCF9B2F0075E7FA /* Sources */ = {
			isa = PBXSourcesBuildPhase;
			buildActionMask = 2147483647;
			files = (
				E9347F1C1BCF9B2F0075E7FA /* EZAudioExamplesSpectrogramExampleTests.m in Sources */,
			);
			runOnlyForDeploymentPostprocessing = 0;
		};
		E9347F1E1BCF9B2F0075E7FA /* Sources */ = {
			isa = PBXSourcesBuildPhase;
			buildActionMask = 2147483647;
			files = (
				E9347F271BCF9B2F0075E7FA /* EZAudioExamplesSpectrogramExampleUITests.m in Sources */,
			);
			runOnlyForDeploymentPostprocessing = 0;
		};
/* End PBXSourcesBuildPhase section */

/* Begin PBXTargetDependency section */
		E9347F191BCF9B2F0075E7FA /* PBXTargetDependency */ = {
			isa = PBXTargetDependency;
			target = E9347EFD1BCF9B2F0075E7FA /* EZAudioExamplesSpectrogramExample */;
			targetProxy = E9347F181BCF9B2F0075E7FA /* PBXContainerItemProxy */;
		};
		E9347F241BCF9B2F0075E7FA /* PBXTargetDependency */ = {
			isa = PBXTargetDependency;
			target = E9347EFD1BCF9B2F0075E7FA /* EZAudioExamplesSpectrogramExample */;
			targetProxy = E9347F231BCF9B2F0075E7FA /* PBXContainerItemProxy */;
		};
/* End PBXTargetDependency section */

/* Begin PBXVariantGroup section */
		E9347F0A1BCF9B2F0075E7FA /* Main.storyboard */ = {
			isa = PBXVariantGroup;
			children = (
				E9347F0B1BCF9B2F0075E7FA /* Base */,
			);
			name = Main.storyboard;
			sourceTree = "<group>";
		};
		E9347F0F1BCF9B2F0075E7FA /* LaunchScreen.storyboard */ = {
			isa = PBXVariantGroup;
			children = (
				E9347F101BCF9B2F0075E7FA /* Base */,
			);
			name = LaunchScreen.storyboard;
			sourceTree = "<group>";
		};
/* End PBXVariantGroup section */

/* Begin XCBuildConfiguration section */
		E9347F291BCF9B2F0075E7FA /* Debug */ = {
			isa = XCBuildConfiguration;
			buildSettings = {
				ALWAYS_SEARCH_USER_PATHS = NO;
				CLANG_CXX_LANGUAGE_STANDARD = "gnu++0x";
				CLANG_CXX_LIBRARY = "libc++";
				CLANG_ENABLE_MODULES = YES;
				CLANG_ENABLE_OBJC_ARC = YES;
				CLANG_WARN_BOOL_CONVERSION = YES;
				CLANG_WARN_CONSTANT_CONVERSION = YES;
				CLANG_WARN_DIRECT_OBJC_ISA_USAGE = YES_ERROR;
				CLANG_WARN_EMPTY_BODY = YES;
				CLANG_WARN_ENUM_CONVERSION = YES;
				CLANG_WARN_INT_CONVERSION = YES;
				CLANG_WARN_OBJC_ROOT_CLASS = YES_ERROR;
				CLANG_WARN_UNREACHABLE_CODE = YES;
				CLANG_WARN__DUPLICATE_METHOD_MATCH = YES;
				"CODE_SIGN_IDENTITY[sdk=iphoneos*]" = "iPhone Developer";
				COPY_PHASE_STRIP = NO;
				DEBUG_INFORMATION_FORMAT = dwarf;
				ENABLE_STRICT_OBJC_MSGSEND = YES;
				ENABLE_TESTABILITY = YES;
				GCC_C_LANGUAGE_STANDARD = gnu99;
				GCC_DYNAMIC_NO_PIC = NO;
				GCC_NO_COMMON_BLOCKS = YES;
				GCC_OPTIMIZATION_LEVEL = 0;
				GCC_PREPROCESSOR_DEFINITIONS = (
					"DEBUG=1",
					"$(inherited)",
				);
				GCC_WARN_64_TO_32_BIT_CONVERSION = YES;
				GCC_WARN_ABOUT_RETURN_TYPE = YES_ERROR;
				GCC_WARN_UNDECLARED_SELECTOR = YES;
				GCC_WARN_UNINITIALIZED_AUTOS = YES_AGGRESSIVE;
				GCC_WARN_UNUSED_FUNCTION = YES;
				GCC_WARN_UNUSED_VARIABLE = YES;
				IPHONEOS_DEPLOYMENT_TARGET = 9.0;
				MTL_ENABLE_DEBUG_INFO = YES;
				ONLY_ACTIVE_ARCH = YES;
				SDKROOT = iphoneos;
			};
			name = Debug;
		};
		E9347F2A1BCF9B2F0075E7FA /* Release */ = {
			isa = XCBuildConfiguration;
			buildSettings = {
				ALWAYS_SEARCH_USER_PATHS = NO;
				CLANG_CXX_LANGUAGE_STANDARD = "gnu++0x";
				CLANG_CXX_LIBRARY = "libc++";
				CLANG_ENABLE_MODULES = YES;
				CLANG_ENABLE_OBJC_ARC = YES;
				CLANG_WARN_BOOL_CONVERSION = YES;
				CLANG_WARN_CONSTANT_CONVERSION = YES;
				CLANG_WARN_DIRECT_OBJC_ISA_USAGE = YES_ERROR;
				CLANG_WARN_EMPTY_BODY = YES;
				CLANG_WARN_ENUM_CONVERSION = YES;
				CLANG_WARN_INT_CONVERSION = YES;
				CLANG_WARN_OBJC_ROOT_CLASS = YES_ERROR;
				CLANG_WARN_UNREACHABLE_CODE = YES;
				CLANG_WARN__DUPLICATE_METHOD_MATCH = YES;
				"CODE_SIGN_IDENTITY[sdk=iphoneos*]" = "iPhone Developer";
				COPY_PHASE_STRIP = NO;
				DEBUG_INFORMATION_FORMAT = "dwarf-with-dsym";
				ENABLE_NS_ASSERTIONS = NO;
				ENABLE_STRICT_OBJC_MSGSEND = YES;
				GCC_C_LANGUAGE_STANDARD = gnu99;
				GCC_NO_COMMON_BLOCKS = YES;
				GCC_WARN_64_TO_32_BIT_CONVERSION = YES;
				GCC_WARN_ABOUT_RETURN_TYPE = YES_ERROR;
				GCC_WARN_UNDECLARED_SELECTOR = YES;
				GCC_WARN_UNINITIALIZED_AUTOS = YES_AGGRESSIVE;
				GCC_WARN_UNUSED_FUNCTION = YES;
				GCC_WARN_UNUSED_VARIABLE = YES;
				IPHONEOS_DEPLOYMENT_TARGET = 9.0;
				MTL_ENABLE_DEBUG_INFO = NO;
				SDKROOT = iphoneos;
				VALIDATE_PRODUCT = YES;
			};
			name = Release;
		};
		E9347F2C1BCF9B2F0075E7FA /* Debug */ = {
			isa = XCBuildConfiguration;
			buildSettings = {
				ASSETCATALOG_COMPILER_APPICON_NAME = AppIcon;
				INFOPLIST_FILE = EZAudioExamplesSpectrogramExample/Info.plist;
				IPHONEOS_DEPLOYMENT_TARGET = 8.0;
				LD_RUNPATH_SEARCH_PATHS = "$(inherited) @executable_path/Frameworks";
				PRODUCT_BUNDLE_IDENTIFIER = sadcup.EZAudioExamplesSpectrogramExample;
				PRODUCT_NAME = "$(TARGET_NAME)";
			};
			name = Debug;
		};
		E9347F2D1BCF9B2F0075E7FA /* Release */ = {
			isa = XCBuildConfiguration;
			buildSettings = {
				ASSETCATALOG_COMPILER_APPICON_NAME = AppIcon;
				INFOPLIST_FILE = EZAudioExamplesSpectrogramExample/Info.plist;
				IPHONEOS_DEPLOYMENT_TARGET = 8.0;
				LD_RUNPATH_SEARCH_PATHS = "$(inherited) @executable_path/Frameworks";
				PRODUCT_BUNDLE_IDENTIFIER = sadcup.EZAudioExamplesSpectrogramExample;
				PRODUCT_NAME = "$(TARGET_NAME)";
			};
			name = Release;
		};
		E9347F2F1BCF9B2F0075E7FA /* Debug */ = {
			isa = XCBuildConfiguration;
			buildSettings = {
				BUNDLE_LOADER = "$(TEST_HOST)";
				INFOPLIST_FILE = EZAudioExamplesSpectrogramExampleTests/Info.plist;
				LD_RUNPATH_SEARCH_PATHS = "$(inherited) @executable_path/Frameworks @loader_path/Frameworks";
				PRODUCT_BUNDLE_IDENTIFIER = sadcup.EZAudioExamplesSpectrogramExampleTests;
				PRODUCT_NAME = "$(TARGET_NAME)";
				TEST_HOST = "$(BUILT_PRODUCTS_DIR)/EZAudioExamplesSpectrogramExample.app/EZAudioExamplesSpectrogramExample";
			};
			name = Debug;
		};
		E9347F301BCF9B2F0075E7FA /* Release */ = {
			isa = XCBuildConfiguration;
			buildSettings = {
				BUNDLE_LOADER = "$(TEST_HOST)";
				INFOPLIST_FILE = EZAudioExamplesSpectrogramExampleTests/Info.plist;
				LD_RUNPATH_SEARCH_PATHS = "$(inherited) @executable_path/Frameworks @loader_path/Frameworks";
				PRODUCT_BUNDLE_IDENTIFIER = sadcup.EZAudioExamplesSpectrogramExampleTests;
				PRODUCT_NAME = "$(TARGET_NAME)";
				TEST_HOST = "$(BUILT_PRODUCTS_DIR)/EZAudioExamplesSpectrogramExample.app/EZAudioExamplesSpectrogramExample";
			};
			name = Release;
		};
		E9347F321BCF9B2F0075E7FA /* Debug */ = {
			isa = XCBuildConfiguration;
			buildSettings = {
				INFOPLIST_FILE = EZAudioExamplesSpectrogramExampleUITests/Info.plist;
				LD_RUNPATH_SEARCH_PATHS = "$(inherited) @executable_path/Frameworks @loader_path/Frameworks";
				PRODUCT_BUNDLE_IDENTIFIER = sadcup.EZAudioExamplesSpectrogramExampleUITests;
				PRODUCT_NAME = "$(TARGET_NAME)";
				TEST_TARGET_NAME = EZAudioExamplesSpectrogramExample;
				USES_XCTRUNNER = YES;
			};
			name = Debug;
		};
		E9347F331BCF9B2F0075E7FA /* Release */ = {
			isa = XCBuildConfiguration;
			buildSettings = {
				INFOPLIST_FILE = EZAudioExamplesSpectrogramExampleUITests/Info.plist;
				LD_RUNPATH_SEARCH_PATHS = "$(inherited) @executable_path/Frameworks @loader_path/Frameworks";
				PRODUCT_BUNDLE_IDENTIFIER = sadcup.EZAudioExamplesSpectrogramExampleUITests;
				PRODUCT_NAME = "$(TARGET_NAME)";
				TEST_TARGET_NAME = EZAudioExamplesSpectrogramExample;
				USES_XCTRUNNER = YES;
			};
			name = Release;
		};
/* End XCBuildConfiguration section */

/* Begin XCConfigurationList section */
		E9347EF91BCF9B2F0075E7FA /* Build configuration list for PBXProject "EZAudioExamplesSpectrogramExample" */ = {
			isa = XCConfigurationList;
			buildConfigurations = (
				E9347F291BCF9B2F0075E7FA /* Debug */,
				E9347F2A1BCF9B2F0075E7FA /* Release */,
			);
			defaultConfigurationIsVisible = 0;
			defaultConfigurationName = Release;
		};
		E9347F2B1BCF9B2F0075E7FA /* Build configuration list for PBXNativeTarget "EZAudioExamplesSpectrogramExample" */ = {
			isa = XCConfigurationList;
			buildConfigurations = (
				E9347F2C1BCF9B2F0075E7FA /* Debug */,
				E9347F2D1BCF9B2F0075E7FA /* Release */,
			);
			defaultConfigurationIsVisible = 0;
			defaultConfigurationName = Release;
		};
		E9347F2E1BCF9B2F0075E7FA /* Build configuration list for PBXNativeTarget "EZAudioExamplesSpectrogramExampleTests" */ = {
			isa = XCConfigurationList;
			buildConfigurations = (
				E9347F2F1BCF9B2F0075E7FA /* Debug */,
				E9347F301BCF9B2F0075E7FA /* Release */,
			);
			defaultConfigurationIsVisible = 0;
			defaultConfigurationName = Release;
		};
		E9347F311BCF9B2F0075E7FA /* Build configuration list for PBXNativeTarget "EZAudioExamplesSpectrogramExampleUITests" */ = {
			isa = XCConfigurationList;
			buildConfigurations = (
				E9347F321BCF9B2F0075E7FA /* Debug */,
				E9347F331BCF9B2F0075E7FA /* Release */,
			);
			defaultConfigurationIsVisible = 0;
			defaultConfigurationName = Release;
		};
/* End XCConfigurationList section */
	};
	rootObject = E9347EF61BCF9B2F0075E7FA /* Project object */;
}
